<?xml version="1.0" encoding="utf-8"?>
<Project ToolsVersion="4.0" xmlns="http://schemas.microsoft.com/developer/msbuild/2003">
  <ItemGroup>
    <Filter Include="Framework">
      <UniqueIdentifier>{93995380-89BD-4b04-88EB-625FBE52EBFB}</UniqueIdentifier>
      <Extensions>h;hh;hpp;hxx;hm;inl;inc;xsd</Extensions>
    </Filter>
    <Filter Include="Framework\TileMap">
      <UniqueIdentifier>{e98e3c4f-4e29-4e50-a9bf-b976054224c3}</UniqueIdentifier>
    </Filter>
    <Filter Include="Framework\Texture">
      <UniqueIdentifier>{72b2e484-9808-496f-b2e1-171fc2883531}</UniqueIdentifier>
    </Filter>
    <Filter Include="Framework\Debug">
      <UniqueIdentifier>{5ba577bd-9b68-4f49-a304-4092b93a853d}</UniqueIdentifier>
    </Filter>
    <Filter Include="Framework\Scene">
      <UniqueIdentifier>{b3abb5a3-6eb1-4641-8b20-145b1f0d0f4b}</UniqueIdentifier>
    </Filter>
    <Filter Include="Jason">
      <UniqueIdentifier>{c9162d04-e9b5-4518-9ff5-a101d8553795}</UniqueIdentifier>
    </Filter>
    <Filter Include="Object">
      <UniqueIdentifier>{4FC737F1-C7A5-4376-A066-2A32D752A2FF}</UniqueIdentifier>
      <Extensions>cpp;c;cc;cxx;def;odl;idl;hpj;bat;asm;asmx</Extensions>
    </Filter>
    <Filter Include="Object\Enviroment">
      <UniqueIdentifier>{03fdd891-599d-4ac3-b489-f1ebd35cefa5}</UniqueIdentifier>
    </Filter>
    <Filter Include="Object\Enviroment\Brick">
      <UniqueIdentifier>{0e2ce43c-39a9-4a52-ba45-a64e4fd0f9bf}</UniqueIdentifier>
    </Filter>
    <Filter Include="Object\Enviroment\Portal">
      <UniqueIdentifier>{ac1220ed-df30-45a4-8115-7d68c5e7db84}</UniqueIdentifier>
    </Filter>
    <Filter Include="Object\Enemy">
      <UniqueIdentifier>{3cb64992-f8b7-464c-85d9-b414ad2e2d98}</UniqueIdentifier>
    </Filter>
    <Filter Include="Jason\Tank">
      <UniqueIdentifier>{9c64defd-0b7f-4413-b49c-295ac5bf9c63}</UniqueIdentifier>
    </Filter>
    <Filter Include="Jason\Tank\Cannon">
      <UniqueIdentifier>{083077db-f1a5-41a3-9ee8-33dd53bfae10}</UniqueIdentifier>
    </Filter>
    <Filter Include="Jason\Tank\Wheel">
      <UniqueIdentifier>{56fe918b-8a2a-4235-ab9a-d733c10058e0}</UniqueIdentifier>
    </Filter>
    <Filter Include="Framework\Camera">
      <UniqueIdentifier>{237b93dd-b7d5-4ac5-97b6-c287d24d2cc4}</UniqueIdentifier>
    </Filter>
    <Filter Include="Framework\Quadtree">
      <UniqueIdentifier>{f7642ef3-d95c-4e0f-bfe4-0bb33ab90130}</UniqueIdentifier>
    </Filter>
    <Filter Include="Object\Enemy\Interrrupt">
      <UniqueIdentifier>{b559370c-1766-4f72-a10b-4573b508d8b8}</UniqueIdentifier>
    </Filter>
    <Filter Include="Object\Enemy\Ballbot">
      <UniqueIdentifier>{008dae66-eb19-4922-9a99-c79aa86653bc}</UniqueIdentifier>
    </Filter>
    <Filter Include="Object\Enemy\Eyelet">
      <UniqueIdentifier>{4fe78f0b-8003-45a9-b310-20a28555e08d}</UniqueIdentifier>
    </Filter>
    <Filter Include="Object\Enemy\Stuka">
      <UniqueIdentifier>{761e83cc-0741-4a8d-a39f-996435b4e9a0}</UniqueIdentifier>
    </Filter>
    <Filter Include="Object\Enemy\BallCarry">
      <UniqueIdentifier>{5b148280-4413-4041-a9c7-c46c924aba39}</UniqueIdentifier>
    </Filter>
    <Filter Include="Framework\Background">
      <UniqueIdentifier>{910e602a-7f5f-420b-804f-c631a8c991b8}</UniqueIdentifier>
    </Filter>
    <Filter Include="Jason\Bullet">
      <UniqueIdentifier>{936061cb-afd4-40c9-a077-eb070d681ee3}</UniqueIdentifier>
    </Filter>
    <Filter Include="Object\Enviroment\WeakBrick">
      <UniqueIdentifier>{d7ec438e-561a-4cb1-a9d8-1dc431d04237}</UniqueIdentifier>
    </Filter>
    <Filter Include="Jason\RainbowBullet">
      <UniqueIdentifier>{3f2d722e-6fa4-4e92-8a2d-2a6bb37702e0}</UniqueIdentifier>
    </Filter>
    <Filter Include="Object\Enemy\GX680">
      <UniqueIdentifier>{d63eca3a-1d22-469a-bdc9-1df795f2ab43}</UniqueIdentifier>
    </Filter>
    <Filter Include="Object\Enemy\Drap">
      <UniqueIdentifier>{7b34a9a1-c591-4b7b-8d34-7593b5b646bb}</UniqueIdentifier>
    </Filter>
    <Filter Include="Object\Enemy\Laserguard">
      <UniqueIdentifier>{d0651f50-a9b6-44b6-9a27-c042c4ab1f33}</UniqueIdentifier>
    </Filter>
    <Filter Include="Object\Enemy\EnemyBullet">
      <UniqueIdentifier>{6ec7e8ce-0226-49bc-a49f-a3c7cee206da}</UniqueIdentifier>
    </Filter>
    <Filter Include="Object\Enemy\Neoworm">
      <UniqueIdentifier>{70c9ede6-a957-407f-b0ea-68eb9e7a4090}</UniqueIdentifier>
    </Filter>
    <Filter Include="Object\Enemy\BallCarry\Bomb">
      <UniqueIdentifier>{9d09a30d-48be-4c1d-9f0e-c70ea6e50432}</UniqueIdentifier>
    </Filter>
    <Filter Include="Jason\Hud">
      <UniqueIdentifier>{132f58cc-4796-4666-ad32-a03a0a87994b}</UniqueIdentifier>
    </Filter>
    <Filter Include="Jason\Hud\Healthbar">
      <UniqueIdentifier>{9f608d9e-3fb3-4f0c-8b62-5f3096c7d387}</UniqueIdentifier>
    </Filter>
    <Filter Include="Jason\Hud\Energybar">
      <UniqueIdentifier>{bffeb756-e98b-480f-a7d8-5bd4c36834ca}</UniqueIdentifier>
    </Filter>
    <Filter Include="Jason\Hud\Font">
      <UniqueIdentifier>{0e6d673c-6e1a-4e2a-8caf-9cc049cbd45a}</UniqueIdentifier>
    </Filter>
    <Filter Include="Jason\Hud\Singlebar">
      <UniqueIdentifier>{0fc88b34-08ae-4a04-af1d-76f285b337aa}</UniqueIdentifier>
    </Filter>
  </ItemGroup>
  <ItemGroup>
    <ClCompile Include="GameObject.cpp">
      <Filter>Object</Filter>
    </ClCompile>
    <ClCompile Include="TileMap.cpp">
      <Filter>Framework\TileMap</Filter>
    </ClCompile>
    <ClCompile Include="Animations.cpp">
      <Filter>Framework\Texture</Filter>
    </ClCompile>
    <ClCompile Include="Sprites.cpp">
      <Filter>Framework\Texture</Filter>
    </ClCompile>
    <ClCompile Include="Textures.cpp">
      <Filter>Framework\Texture</Filter>
    </ClCompile>
    <ClCompile Include="Utils.cpp">
      <Filter>Framework\Debug</Filter>
    </ClCompile>
    <ClCompile Include="PlayScence.cpp">
      <Filter>Framework\Scene</Filter>
    </ClCompile>
    <ClCompile Include="Scence.cpp">
      <Filter>Framework\Scene</Filter>
    </ClCompile>
    <ClCompile Include="Brick.cpp">
      <Filter>Object\Enviroment\Brick</Filter>
    </ClCompile>
    <ClCompile Include="Jason.cpp">
      <Filter>Jason</Filter>
    </ClCompile>
    <ClCompile Include="Portal.cpp">
      <Filter>Object\Enviroment\Portal</Filter>
    </ClCompile>
    <ClCompile Include="Game.cpp">
      <Filter>Framework</Filter>
    </ClCompile>
    <ClCompile Include="main.cpp">
      <Filter>Framework</Filter>
    </ClCompile>
    <ClCompile Include="Camera.cpp">
      <Filter>Framework\Camera</Filter>
    </ClCompile>
    <ClCompile Include="Tank.cpp">
      <Filter>Jason\Tank</Filter>
    </ClCompile>
    <ClCompile Include="Cannon.cpp">
      <Filter>Jason\Tank\Cannon</Filter>
    </ClCompile>
    <ClCompile Include="Wheel.cpp">
      <Filter>Jason\Tank\Wheel</Filter>
    </ClCompile>
    <ClCompile Include="Quadtree.cpp">
      <Filter>Framework\Quadtree</Filter>
    </ClCompile>
    <ClCompile Include="Interrupt.cpp">
      <Filter>Object\Enemy\Interrrupt</Filter>
    </ClCompile>
    <ClCompile Include="Ballbot.cpp">
      <Filter>Object\Enemy\Ballbot</Filter>
    </ClCompile>
    <ClCompile Include="Background.cpp">
      <Filter>Framework\Background</Filter>
    </ClCompile>
    <ClCompile Include="Bullet.cpp">
      <Filter>Jason\Bullet</Filter>
    </ClCompile>
    <ClCompile Include="Eyelet.cpp">
      <Filter>Object\Enemy\Eyelet</Filter>
    </ClCompile>
    <ClCompile Include="Stuka.cpp">
      <Filter>Object\Enemy\Stuka</Filter>
    </ClCompile>
    <ClCompile Include="WeakBrick.cpp">
      <Filter>Object\Enviroment\WeakBrick</Filter>
    </ClCompile>
    <ClCompile Include="RainbowBullet.cpp">
      <Filter>Jason\RainbowBullet</Filter>
    </ClCompile>
    <ClCompile Include="GX680.cpp">
      <Filter>Object\Enemy\GX680</Filter>
    </ClCompile>
    <ClCompile Include="Drag.cpp">
      <Filter>Object\Enemy\Drap</Filter>
    </ClCompile>
    <ClCompile Include="Laserguard.cpp">
      <Filter>Object\Enemy\Laserguard</Filter>
    </ClCompile>
    <ClCompile Include="EBullet.cpp">
      <Filter>Object\Enemy\EnemyBullet</Filter>
    </ClCompile>
    <ClCompile Include="Ballcarry.cpp">
      <Filter>Object\Enemy\BallCarry</Filter>
    </ClCompile>
    <ClCompile Include="Neoworm.cpp">
      <Filter>Object\Enemy\Neoworm</Filter>
    </ClCompile>
    <ClCompile Include="Bomb.cpp">
      <Filter>Object\Enemy\BallCarry\Bomb</Filter>
    </ClCompile>
    <ClCompile Include="Hud.cpp">
      <Filter>Jason\Hud</Filter>
    </ClCompile>
    <ClCompile Include="Healthbar.cpp">
      <Filter>Jason\Hud\Healthbar</Filter>
    </ClCompile>
    <ClCompile Include="Font.cpp">
      <Filter>Jason\Hud\Font</Filter>
    </ClCompile>
    <ClCompile Include="Singlebar.cpp">
      <Filter>Jason\Hud\Singlebar</Filter>
    </ClCompile>
  </ItemGroup>
  <ItemGroup>
    <ClInclude Include="Game.h">
      <Filter>Framework</Filter>
    </ClInclude>
    <ClInclude Include="KeyEventHandler.h">
      <Filter>Framework</Filter>
    </ClInclude>
    <ClInclude Include="TileMap.h">
      <Filter>Framework\TileMap</Filter>
    </ClInclude>
    <ClInclude Include="Animations.h">
      <Filter>Framework\Texture</Filter>
    </ClInclude>
    <ClInclude Include="Sprites.h">
      <Filter>Framework\Texture</Filter>
    </ClInclude>
    <ClInclude Include="Textures.h">
      <Filter>Framework\Texture</Filter>
    </ClInclude>
    <ClInclude Include="Utils.h">
      <Filter>Framework\Debug</Filter>
    </ClInclude>
    <ClInclude Include="Scence.h">
      <Filter>Framework\Scene</Filter>
    </ClInclude>
    <ClInclude Include="PlayScence.h">
      <Filter>Framework\Scene</Filter>
    </ClInclude>
    <ClInclude Include="Brick.h">
      <Filter>Object\Enviroment\Brick</Filter>
    </ClInclude>
    <ClInclude Include="Jason.h">
      <Filter>Jason</Filter>
    </ClInclude>
    <ClInclude Include="Portal.h">
      <Filter>Object\Enviroment\Portal</Filter>
    </ClInclude>
    <ClInclude Include="GameObject.h">
      <Filter>Object</Filter>
    </ClInclude>
    <ClInclude Include="Camera.h">
      <Filter>Framework\Camera</Filter>
    </ClInclude>
    <ClInclude Include="Tank.h">
      <Filter>Jason\Tank</Filter>
    </ClInclude>
    <ClInclude Include="Cannon.h">
      <Filter>Jason\Tank\Cannon</Filter>
    </ClInclude>
    <ClInclude Include="Wheel.h">
      <Filter>Jason\Tank\Wheel</Filter>
    </ClInclude>
    <ClInclude Include="Quadtree.h">
      <Filter>Framework\Quadtree</Filter>
    </ClInclude>
    <ClInclude Include="Interrupt.h">
      <Filter>Object\Enemy\Interrrupt</Filter>
    </ClInclude>
    <ClInclude Include="Ballbot.h">
      <Filter>Object\Enemy\Ballbot</Filter>
    </ClInclude>
    <ClInclude Include="Define.h">
      <Filter>Framework</Filter>
    </ClInclude>
    <ClInclude Include="Background.h">
      <Filter>Framework\Background</Filter>
    </ClInclude>
    <ClInclude Include="Bullet.h">
      <Filter>Jason\Bullet</Filter>
    </ClInclude>
    <ClInclude Include="Eyelet.h">
      <Filter>Object\Enemy\Eyelet</Filter>
    </ClInclude>
    <ClInclude Include="Stuka.h">
      <Filter>Object\Enemy\Stuka</Filter>
    </ClInclude>
    <ClInclude Include="WeakBrick.h">
      <Filter>Object\Enviroment\WeakBrick</Filter>
    </ClInclude>
    <ClInclude Include="RainbowBullet.h">
      <Filter>Jason\RainbowBullet</Filter>
    </ClInclude>
    <ClInclude Include="GX680.h">
      <Filter>Object\Enemy\GX680</Filter>
    </ClInclude>
    <ClInclude Include="Drag.h">
      <Filter>Object\Enemy\Drap</Filter>
    </ClInclude>
    <ClInclude Include="Laserguard.h">
      <Filter>Object\Enemy\Laserguard</Filter>
    </ClInclude>
    <ClInclude Include="EBullet.h">
      <Filter>Object\Enemy\EnemyBullet</Filter>
    </ClInclude>
    <ClInclude Include="Ballcarry.h">
      <Filter>Object\Enemy\BallCarry</Filter>
    </ClInclude>
    <ClInclude Include="Neoworm.h">
      <Filter>Object\Enemy\Neoworm</Filter>
    </ClInclude>
    <ClInclude Include="Bomb.h">
      <Filter>Object\Enemy\BallCarry\Bomb</Filter>
    </ClInclude>
    <ClInclude Include="Hud.h">
      <Filter>Jason\Hud</Filter>
    </ClInclude>
    <ClInclude Include="Healthbar.h">
      <Filter>Jason\Hud\Healthbar</Filter>
    </ClInclude>
    <ClInclude Include="Font.h">
      <Filter>Jason\Hud\Font</Filter>
    </ClInclude>
    <ClInclude Include="Singlebar.h">
      <Filter>Jason\Hud\Singlebar</Filter>
    </ClInclude>
  </ItemGroup>
</Project>